// !$*UTF8*$!
{
	archiveVersion = 1;
	classes = {
	};
	objectVersion = 46;
	objects = {

/* Begin PBXBuildFile section */
		E0C974871C51DAF8004C3B5E /* main.m in Sources */ = {isa = PBXBuildFile; fileRef = E0C974861C51DAF8004C3B5E /* main.m */; };
		E0C9748A1C51DAF8004C3B5E /* AppDelegate.m in Sources */ = {isa = PBXBuildFile; fileRef = E0C974891C51DAF8004C3B5E /* AppDelegate.m */; };
		E0C9748D1C51DAF8004C3B5E /* ViewController.m in Sources */ = {isa = PBXBuildFile; fileRef = E0C9748C1C51DAF8004C3B5E /* ViewController.m */; };
		E0C974901C51DAF8004C3B5E /* Main.storyboard in Resources */ = {isa = PBXBuildFile; fileRef = E0C9748E1C51DAF8004C3B5E /* Main.storyboard */; };
		E0C974921C51DAF8004C3B5E /* Images.xcassets in Resources */ = {isa = PBXBuildFile; fileRef = E0C974911C51DAF8004C3B5E /* Images.xcassets */; };
		E0C974951C51DAF8004C3B5E /* LaunchScreen.xib in Resources */ = {isa = PBXBuildFile; fileRef = E0C974931C51DAF8004C3B5E /* LaunchScreen.xib */; };
		E0C974A11C51DAF8004C3B5E /* MusicPlayerEasyTests.m in Sources */ = {isa = PBXBuildFile; fileRef = E0C974A01C51DAF8004C3B5E /* MusicPlayerEasyTests.m */; };
/* End PBXBuildFile section */

/* Begin PBXContainerItemProxy section */
		E0C9749B1C51DAF8004C3B5E /* PBXContainerItemProxy */ = {
			isa = PBXContainerItemProxy;
			containerPortal = E0C974791C51DAF8004C3B5E /* Project object */;
			proxyType = 1;
			remoteGlobalIDString = E0C974801C51DAF8004C3B5E;
			remoteInfo = MusicPlayerEasy;
		};
/* End PBXContainerItemProxy section */

/* Begin PBXFileReference section */
		E0C974811C51DAF8004C3B5E /* MusicPlayerEasy.app */ = {isa = PBXFileReference; explicitFileType = wrapper.application; includeInIndex = 0; path = MusicPlayerEasy.app; sourceTree = BUILT_PRODUCTS_DIR; };
		E0C974851C51DAF8004C3B5E /* Info.plist */ = {isa = PBXFileReference; lastKnownFileType = text.plist.xml; path = Info.plist; sourceTree = "<group>"; };
		E0C974861C51DAF8004C3B5E /* main.m */ = {isa = PBXFileReference; lastKnownFileType = sourcecode.c.objc; path = main.m; sourceTree = "<group>"; };
		E0C974881C51DAF8004C3B5E /* AppDelegate.h */ = {isa = PBXFileReference; lastKnownFileType = sourcecode.c.h; path = AppDelegate.h; sourceTree = "<group>"; };
		E0C974891C51DAF8004C3B5E /* AppDelegate.m */ = {isa = PBXFileReference; lastKnownFileType = sourcecode.c.objc; path = AppDelegate.m; sourceTree = "<group>"; };
		E0C9748B1C51DAF8004C3B5E /* ViewController.h */ = {isa = PBXFileReference; lastKnownFileType = sourcecode.c.h; path = ViewController.h; sourceTree = "<group>"; };
		E0C9748C1C51DAF8004C3B5E /* ViewController.m */ = {isa = PBXFileReference; lastKnownFileType = sourcecode.c.objc; path = ViewController.m; sourceTree = "<group>"; };
		E0C9748F1C51DAF8004C3B5E /* Base */ = {isa = PBXFileReference; lastKnownFileType = file.storyboard; name = Base; path = Base.lproj/Main.storyboard; sourceTree = "<group>"; };
		E0C974911C51DAF8004C3B5E /* Images.xcassets */ = {isa = PBXFileReference; lastKnownFileType = folder.assetcatalog; path = Images.xcassets; sourceTree = "<group>"; };
		E0C974941C51DAF8004C3B5E /* Base */ = {isa = PBXFileReference; lastKnownFileType = file.xib; name = Base; path = Base.lproj/LaunchScreen.xib; sourceTree = "<group>"; };
		E0C9749A1C51DAF8004C3B5E /* MusicPlayerEasyTests.xctest */ = {isa = PBXFileReference; explicitFileType = wrapper.cfbundle; includeInIndex = 0; path = MusicPlayerEasyTests.xctest; sourceTree = BUILT_PRODUCTS_DIR; };
		E0C9749F1C51DAF8004C3B5E /* Info.plist */ = {isa = PBXFileReference; lastKnownFileType = text.plist.xml; path = Info.plist; sourceTree = "<group>"; };
		E0C974A01C51DAF8004C3B5E /* MusicPlayerEasyTests.m */ = {isa = PBXFileReference; lastKnownFileType = sourcecode.c.objc; path = MusicPlayerEasyTests.m; sourceTree = "<group>"; };
/* End PBXFileReference section */

/* Begin PBXFrameworksBuildPhase section */
		E0C9747E1C51DAF8004C3B5E /* Frameworks */ = {
			isa = PBXFrameworksBuildPhase;
			buildActionMask = 2147483647;
			files = (
			);
			runOnlyForDeploymentPostprocessing = 0;
		};
		E0C974971C51DAF8004C3B5E /* Frameworks */ = {
			isa = PBXFrameworksBuildPhase;
			buildActionMask = 2147483647;
			files = (
			);
			runOnlyForDeploymentPostprocessing = 0;
		};
/* End PBXFrameworksBuildPhase section */

/* Begin PBXGroup section */
		E0C974781C51DAF8004C3B5E = {
			isa = PBXGroup;
			children = (
				E0C974831C51DAF8004C3B5E /* MusicPlayerEasy */,
				E0C9749D1C51DAF8004C3B5E /* MusicPlayerEasyTests */,
				E0C974821C51DAF8004C3B5E /* Products */,
			);
			sourceTree = "<group>";
		};
		E0C974821C51DAF8004C3B5E /* Products */ = {
			isa = PBXGroup;
			children = (
				E0C974811C51DAF8004C3B5E /* MusicPlayerEasy.app */,
				E0C9749A1C51DAF8004C3B5E /* MusicPlayerEasyTests.xctest */,
			);
			name = Products;
			sourceTree = "<group>";
		};
		E0C974831C51DAF8004C3B5E /* MusicPlayerEasy */ = {
			isa = PBXGroup;
			children = (
				E0C974881C51DAF8004C3B5E /* AppDelegate.h */,
				E0C974891C51DAF8004C3B5E /* AppDelegate.m */,
				E0C9748B1C51DAF8004C3B5E /* ViewController.h */,
				E0C9748C1C51DAF8004C3B5E /* ViewController.m */,
				E0C9748E1C51DAF8004C3B5E /* Main.storyboard */,
				E0C974911C51DAF8004C3B5E /* Images.xcassets */,
				E0C974931C51DAF8004C3B5E /* LaunchScreen.xib */,
				E0C974841C51DAF8004C3B5E /* Supporting Files */,
			);
			path = MusicPlayerEasy;
			sourceTree = "<group>";
		};
		E0C974841C51DAF8004C3B5E /* Supporting Files */ = {
			isa = PBXGroup;
			children = (
				E0C974851C51DAF8004C3B5E /* Info.plist */,
				E0C974861C51DAF8004C3B5E /* main.m */,
			);
			name = "Supporting Files";
			sourceTree = "<group>";
		};
		E0C9749D1C51DAF8004C3B5E /* MusicPlayerEasyTests */ = {
			isa = PBXGroup;
			children = (
				E0C974A01C51DAF8004C3B5E /* MusicPlayerEasyTests.m */,
				E0C9749E1C51DAF8004C3B5E /* Supporting Files */,
			);
			path = MusicPlayerEasyTests;
			sourceTree = "<group>";
		};
		E0C9749E1C51DAF8004C3B5E /* Supporting Files */ = {
			isa = PBXGroup;
			children = (
				E0C9749F1C51DAF8004C3B5E /* Info.plist */,
			);
			name = "Supporting Files";
			sourceTree = "<group>";
		};
/* End PBXGroup section */

/* Begin PBXNativeTarget section */
		E0C974801C51DAF8004C3B5E /* MusicPlayerEasy */ = {
			isa = PBXNativeTarget;
			buildConfigurationList = E0C974A41C51DAF8004C3B5E /* Build configuration list for PBXNativeTarget "MusicPlayerEasy" */;
			buildPhases = (
				E0C9747D1C51DAF8004C3B5E /* Sources */,
				E0C9747E1C51DAF8004C3B5E /* Frameworks */,
				E0C9747F1C51DAF8004C3B5E /* Resources */,
			);
			buildRules = (
			);
			dependencies = (
			);
			name = MusicPlayerEasy;
			productName = MusicPlayerEasy;
			productReference = E0C974811C51DAF8004C3B5E /* MusicPlayerEasy.app */;
			productType = "com.apple.product-type.application";
		};
		E0C974991C51DAF8004C3B5E /* MusicPlayerEasyTests */ = {
			isa = PBXNativeTarget;
			buildConfigurationList = E0C974A71C51DAF8004C3B5E /* Build configuration list for PBXNativeTarget "MusicPlayerEasyTests" */;
			buildPhases = (
				E0C974961C51DAF8004C3B5E /* Sources */,
				E0C974971C51DAF8004C3B5E /* Frameworks */,
				E0C974981C51DAF8004C3B5E /* Resources */,
			);
			buildRules = (
			);
			dependencies = (
				E0C9749C1C51DAF8004C3B5E /* PBXTargetDependency */,
			);
			name = MusicPlayerEasyTests;
			productName = MusicPlayerEasyTests;
			productReference = E0C9749A1C51DAF8004C3B5E /* MusicPlayerEasyTests.xctest */;
			productType = "com.apple.product-type.bundle.unit-test";
		};
/* End PBXNativeTarget section */

/* Begin PBXProject section */
		E0C974791C51DAF8004C3B5E /* Project object */ = {
			isa = PBXProject;
			attributes = {
				LastUpgradeCheck = 0630;
				ORGANIZATIONNAME = JiangChile;
				TargetAttributes = {
					E0C974801C51DAF8004C3B5E = {
						CreatedOnToolsVersion = 6.3;
					};
					E0C974991C51DAF8004C3B5E = {
						CreatedOnToolsVersion = 6.3;
						TestTargetID = E0C974801C51DAF8004C3B5E;
					};
				};
			};
			buildConfigurationList = E0C9747C1C51DAF8004C3B5E /* Build configuration list for PBXProject "MusicPlayerEasy" */;
			compatibilityVersion = "Xcode 3.2";
			developmentRegion = English;
			hasScannedForEncodings = 0;
			knownRegions = (
				en,
				Base,
			);
			mainGroup = E0C974781C51DAF8004C3B5E;
			productRefGroup = E0C974821C51DAF8004C3B5E /* Products */;
			projectDirPath = "";
			projectRoot = "";
			targets = (
				E0C974801C51DAF8004C3B5E /* MusicPlayerEasy */,
				E0C974991C51DAF8004C3B5E /* MusicPlayerEasyTests */,
			);
		};
/* End PBXProject section */

/* Begin PBXResourcesBuildPhase section */
		E0C9747F1C51DAF8004C3B5E /* Resources */ = {
			isa = PBXResourcesBuildPhase;
			buildActionMask = 2147483647;
			files = (
				E0C974901C51DAF8004C3B5E /* Main.storyboard in Resources */,
				E0C974951C51DAF8004C3B5E /* LaunchScreen.xib in Resources */,
				E0C974921C51DAF8004C3B5E /* Images.xcassets in Resources */,
			);
			runOnlyForDeploymentPostprocessing = 0;
		};
		E0C974981C51DAF8004C3B5E /* Resources */ = {
			isa = PBXResourcesBuildPhase;
			buildActionMask = 2147483647;
			files = (
			);
			runOnlyForDeploymentPostprocessing = 0;
		};
/* End PBXResourcesBuildPhase section */

/* Begin PBXSourcesBuildPhase section */
		E0C9747D1C51DAF8004C3B5E /* Sources */ = {
			isa = PBXSourcesBuildPhase;
			buildActionMask = 2147483647;
			files = (
				E0C9748D1C51DAF8004C3B5E /* ViewController.m in Sources */,
				E0C9748A1C51DAF8004C3B5E /* AppDelegate.m in Sources */,
				E0C974871C51DAF8004C3B5E /* main.m in Sources */,
			);
			runOnlyForDeploymentPostprocessing = 0;
		};
		E0C974961C51DAF8004C3B5E /* Sources */ = {
			isa = PBXSourcesBuildPhase;
			buildActionMask = 2147483647;
			files = (
				E0C974A11C51DAF8004C3B5E /* MusicPlayerEasyTests.m in Sources */,
			);
			runOnlyForDeploymentPostprocessing = 0;
		};
/* End PBXSourcesBuildPhase section */

/* Begin PBXTargetDependency section */
		E0C9749C1C51DAF8004C3B5E /* PBXTargetDependency */ = {
			isa = PBXTargetDependency;
			target = E0C974801C51DAF8004C3B5E /* MusicPlayerEasy */;
			targetProxy = E0C9749B1C51DAF8004C3B5E /* PBXContainerItemProxy */;
		};
/* End PBXTargetDependency section */

/* Begin PBXVariantGroup section */
		E0C9748E1C51DAF8004C3B5E /* Main.storyboard */ = {
			isa = PBXVariantGroup;
			children = (
				E0C9748F1C51DAF8004C3B5E /* Base */,
			);
			name = Main.storyboard;
			sourceTree = "<group>";
		};
		E0C974931C51DAF8004C3B5E /* LaunchScreen.xib */ = {
			isa = PBXVariantGroup;
			children = (
				E0C974941C51DAF8004C3B5E /* Base */,
			);
			name = LaunchScreen.xib;
			sourceTree = "<group>";
		};
/* End PBXVariantGroup section */

/* Begin XCBuildConfiguration section */
		E0C974A21C51DAF8004C3B5E /* Debug */ = {
			isa = XCBuildConfiguration;
			buildSettings = {
				ALWAYS_SEARCH_USER_PATHS = NO;
				CLANG_CXX_LANGUAGE_STANDARD = "gnu++0x";
				CLANG_CXX_LIBRARY = "libc++";
				CLANG_ENABLE_MODULES = YES;
				CLANG_ENABLE_OBJC_ARC = YES;
				CLANG_WARN_BOOL_CONVERSION = YES;
				CLANG_WARN_CONSTANT_CONVERSION = YES;
				CLANG_WARN_DIRECT_OBJC_ISA_USAGE = YES_ERROR;
				CLANG_WARN_EMPTY_BODY = YES;
				CLANG_WARN_ENUM_CONVERSION = YES;
				CLANG_WARN_INT_CONVERSION = YES;
				CLANG_WARN_OBJC_ROOT_CLASS = YES_ERROR;
				CLANG_WARN_UNREACHABLE_CODE = YES;
				CLANG_WARN__DUPLICATE_METHOD_MATCH = YES;
				"CODE_SIGN_IDENTITY[sdk=iphoneos*]" = "iPhone Developer";
				COPY_PHASE_STRIP = NO;
				DEBUG_INFORMATION_FORMAT = "dwarf-with-dsym";
				ENABLE_STRICT_OBJC_MSGSEND = YES;
				GCC_C_LANGUAGE_STANDARD = gnu99;
				GCC_DYNAMIC_NO_PIC = NO;
				GCC_NO_COMMON_BLOCKS = YES;
				GCC_OPTIMIZATION_LEVEL = 0;
				GCC_PREPROCESSOR_DEFINITIONS = (
					"DEBUG=1",
					"$(inherited)",
				);
				GCC_SYMBOLS_PRIVATE_EXTERN = NO;
				GCC_WARN_64_TO_32_BIT_CONVERSION = YES;
				GCC_WARN_ABOUT_RETURN_TYPE = YES_ERROR;
				GCC_WARN_UNDECLARED_SELECTOR = YES;
				GCC_WARN_UNINITIALIZED_AUTOS = YES_AGGRESSIVE;
				GCC_WARN_UNUSED_FUNCTION = YES;
				GCC_WARN_UNUSED_VARIABLE = YES;
				IPHONEOS_DEPLOYMENT_TARGET = 8.3;
				MTL_ENABLE_DEBUG_INFO = YES;
				ONLY_ACTIVE_ARCH = YES;
				SDKROOT = iphoneos;
			};
			name = Debug;
		};
		E0C974A31C51DAF8004C3B5E /* Release */ = {
			isa = XCBuildConfiguration;
			buildSettings = {
				ALWAYS_SEARCH_USER_PATHS = NO;
				CLANG_CXX_LANGUAGE_STANDARD = "gnu++0x";
				CLANG_CXX_LIBRARY = "libc++";
				CLANG_ENABLE_MODULES = YES;
				CLANG_ENABLE_OBJC_ARC = YES;
				CLANG_WARN_BOOL_CONVERSION = YES;
				CLANG_WARN_CONSTANT_CONVERSION = YES;
				CLANG_WARN_DIRECT_OBJC_ISA_USAGE = YES_ERROR;
				CLANG_WARN_EMPTY_BODY = YES;
				CLANG_WARN_ENUM_CONVERSION = YES;
				CLANG_WARN_INT_CONVERSION = YES;
				CLANG_WARN_OBJC_ROOT_CLASS = YES_ERROR;
				CLANG_WARN_UNREACHABLE_CODE = YES;
				CLANG_WARN__DUPLICATE_METHOD_MATCH = YES;
				"CODE_SIGN_IDENTITY[sdk=iphoneos*]" = "iPhone Developer";
				COPY_PHASE_STRIP = NO;
				DEBUG_INFORMATION_FORMAT = "dwarf-with-dsym";
				ENABLE_NS_ASSERTIONS = NO;
				ENABLE_STRICT_OBJC_MSGSEND = YES;
				GCC_C_LANGUAGE_STANDARD = gnu99;
				GCC_NO_COMMON_BLOCKS = YES;
				GCC_WARN_64_TO_32_BIT_CONVERSION = YES;
				GCC_WARN_ABOUT_RETURN_TYPE = YES_ERROR;
				GCC_WARN_UNDECLARED_SELECTOR = YES;
				GCC_WARN_UNINITIALIZED_AUTOS = YES_AGGRESSIVE;
				GCC_WARN_UNUSED_FUNCTION = YES;
				GCC_WARN_UNUSED_VARIABLE = YES;
				IPHONEOS_DEPLOYMENT_TARGET = 8.3;
				MTL_ENABLE_DEBUG_INFO = NO;
				SDKROOT = iphoneos;
				VALIDATE_PRODUCT = YES;
			};
			name = Release;
		};
		E0C974A51C51DAF8004C3B5E /* Debug */ = {
			isa = XCBuildConfiguration;
			buildSettings = {
				ASSETCATALOG_COMPILER_APPICON_NAME = AppIcon;
				INFOPLIST_FILE = MusicPlayerEasy/Info.plist;
				LD_RUNPATH_SEARCH_PATHS = "$(inherited) @executable_path/Frameworks";
				PRODUCT_NAME = "$(TARGET_NAME)";
			};
			name = Debug;
		};
		E0C974A61C51DAF8004C3B5E /* Release */ = {
			isa = XCBuildConfiguration;
			buildSettings = {
				ASSETCATALOG_COMPILER_APPICON_NAME = AppIcon;
				INFOPLIST_FILE = MusicPlayerEasy/Info.plist;
				LD_RUNPATH_SEARCH_PATHS = "$(inherited) @executable_path/Frameworks";
				PRODUCT_NAME = "$(TARGET_NAME)";
			};
			name = Release;
		};
		E0C974A81C51DAF8004C3B5E /* Debug */ = {
			isa = XCBuildConfiguration;
			buildSettings = {
				BUNDLE_LOADER = "$(TEST_HOST)";
				FRAMEWORK_SEARCH_PATHS = (
					"$(SDKROOT)/Developer/Library/Frameworks",
					"$(inherited)",
				);
				GCC_PREPROCESSOR_DEFINITIONS = (
					"DEBUG=1",
					"$(inherited)",
				);
				INFOPLIST_FILE = MusicPlayerEasyTests/Info.plist;
				LD_RUNPATH_SEARCH_PATHS = "$(inherited) @executable_path/Frameworks @loader_path/Frameworks";
				PRODUCT_NAME = "$(TARGET_NAME)";
				TEST_HOST = "$(BUILT_PRODUCTS_DIR)/MusicPlayerEasy.app/MusicPlayerEasy";
			};
			name = Debug;
		};
		E0C974A91C51DAF8004C3B5E /* Release */ = {
			isa = XCBuildConfiguration;
			buildSettings = {
				BUNDLE_LOADER = "$(TEST_HOST)";
				FRAMEWORK_SEARCH_PATHS = (
					"$(SDKROOT)/Developer/Library/Frameworks",
					"$(inherited)",
				);
				INFOPLIST_FILE = MusicPlayerEasyTests/Info.plist;
				LD_RUNPATH_SEARCH_PATHS = "$(inherited) @executable_path/Frameworks @loader_path/Frameworks";
				PRODUCT_NAME = "$(TARGET_NAME)";
				TEST_HOST = "$(BUILT_PRODUCTS_DIR)/MusicPlayerEasy.app/MusicPlayerEasy";
			};
			name = Release;
		};
/* End XCBuildConfiguration section */

/* Begin XCConfigurationList section */
		E0C9747C1C51DAF8004C3B5E /* Build configuration list for PBXProject "MusicPlayerEasy" */ = {
			isa = XCConfigurationList;
			buildConfigurations = (
				E0C974A21C51DAF8004C3B5E /* Debug */,
				E0C974A31C51DAF8004C3B5E /* Release */,
			);
			defaultConfigurationIsVisible = 0;
			defaultConfigurationName = Release;
		};
		E0C974A41C51DAF8004C3B5E /* Build configuration list for PBXNativeTarget "MusicPlayerEasy" */ = {
			isa = XCConfigurationList;
			buildConfigurations = (
				E0C974A51C51DAF8004C3B5E /* Debug */,
				E0C974A61C51DAF8004C3B5E /* Release */,
			);
			defaultConfigurationIsVisible = 0;
		};
		E0C974A71C51DAF8004C3B5E /* Build configuration list for PBXNativeTarget "MusicPlayerEasyTests" */ = {
			isa = XCConfigurationList;
			buildConfigurations = (
				E0C974A81C51DAF8004C3B5E /* Debug */,
				E0C974A91C51DAF8004C3B5E /* Release */,
			);
			defaultConfigurationIsVisible = 0;
		};
/* End XCConfigurationList section */
	};
	rootObject = E0C974791C51DAF8004C3B5E /* Project object */;
}
